// !$*UTF8*$!
{
	archiveVersion = 1;
	classes = {
	};
	objectVersion = 77;
	objects = {

/* Begin PBXBuildFile section */
		1873D1A32FCD7489008BDE18 /* KeyboardShortcuts in Frameworks */ = {isa = PBXBuildFile; productRef = 1873D1A22FCD7489008BDE18 /* KeyboardShortcuts */; };
/* End PBXBuildFile section */

/* Begin PBXContainerItemProxy section */
		1873CEDF2FCCC8EA008BDE18 /* PBXContainerItemProxy */ = {
			isa = PBXContainerItemProxy;
			containerPortal = 1873CEC72FCCC8E9008BDE18 /* Project object */;
			proxyType = 1;
			remoteGlobalIDString = 1873CECE2FCCC8E9008BDE18;
			remoteInfo = notchTelePrompt;
		};
		1873CEE92FCCC8EA008BDE18 /* PBXContainerItemProxy */ = {
			isa = PBXContainerItemProxy;
			containerPortal = 1873CEC72FCCC8E9008BDE18 /* Project object */;
			proxyType = 1;
			remoteGlobalIDString = 1873CECE2FCCC8E9008BDE18;
			remoteInfo = notchTelePrompt;
		};
/* End PBXContainerItemProxy section */

/* Begin PBXFileReference section */
		1873CECF2FCCC8E9008BDE18 /* notchTelePrompt.app */ = {isa = PBXFileReference; explicitFileType = wrapper.application; includeInIndex = 0; path = notchTelePrompt.app; sourceTree = BUILT_PRODUCTS_DIR; };
		1873CEDE2FCCC8EA008BDE18 /* notchTelePromptTests.xctest */ = {isa = PBXFileReference; explicitFileType = wrapper.cfbundle; includeInIndex = 0; path = notchTelePromptTests.xctest; sourceTree = BUILT_PRODUCTS_DIR; };
		1873CEE82FCCC8EA008BDE18 /* notchTelePromptUITests.xctest */ = {isa = PBXFileReference; explicitFileType = wrapper.cfbundle; includeInIndex = 0; path = notchTelePromptUITests.xctest; sourceTree = BUILT_PRODUCTS_DIR; };
/* End PBXFileReference section */

/* Begin PBXFileSystemSynchronizedRootGroup section */
		1873CED12FCCC8E9008BDE18 /* notchTelePrompt */ = {
			isa = PBXFileSystemSynchronizedRootGroup;
			path = notchTelePrompt;
			sourceTree = "<group>";
		};
		1873CEE12FCCC8EA008BDE18 /* notchTelePromptTests */ = {
			isa = PBXFileSystemSynchronizedRootGroup;
			path = notchTelePromptTests;
			sourceTree = "<group>";
		};
		1873CEEB2FCCC8EA008BDE18 /* notchTelePromptUITests */ = {
			isa = PBXFileSystemSynchronizedRootGroup;
			path = notchTelePromptUITests;
			sourceTree = "<group>";
		};
/* End PBXFileSystemSynchronizedRootGroup section */

/* Begin PBXFrameworksBuildPhase section */
		1873CECC2FCCC8E9008BDE18 /* Frameworks */ = {
			isa = PBXFrameworksBuildPhase;
			buildActionMask = 2147483647;
			files = (
				1873D1A32FCD7489008BDE18 /* KeyboardShortcuts in Frameworks */,
			);
			runOnlyForDeploymentPostprocessing = 0;
		};
		1873CEDB2FCCC8EA008BDE18 /* Frameworks */ = {
			isa = PBXFrameworksBuildPhase;
			buildActionMask = 2147483647;
			files = (
			);
			runOnlyForDeploymentPostprocessing = 0;
		};
		1873CEE52FCCC8EA008BDE18 /* Frameworks */ = {
			isa = PBXFrameworksBuildPhase;
			buildActionMask = 2147483647;
			files = (
			);
			runOnlyForDeploymentPostprocessing = 0;
		};
/* End PBXFrameworksBuildPhase section */

/* Begin PBXGroup section */
		1873CEC62FCCC8E9008BDE18 = {
			isa = PBXGroup;
			children = (
				1873CED12FCCC8E9008BDE18 /* notchTelePrompt */,
				1873CEE12FCCC8EA008BDE18 /* notchTelePromptTests */,
				1873CEEB2FCCC8EA008BDE18 /* notchTelePromptUITests */,
				1873CED02FCCC8E9008BDE18 /* Products */,
			);
			sourceTree = "<group>";
		};
		1873CED02FCCC8E9008BDE18 /* Products */ = {
			isa = PBXGroup;
			children = (
				1873CECF2FCCC8E9008BDE18 /* notchTelePrompt.app */,
				1873CEDE2FCCC8EA008BDE18 /* notchTelePromptTests.xctest */,
				1873CEE82FCCC8EA008BDE18 /* notchTelePromptUITests.xctest */,
			);
			name = Products;
			sourceTree = "<group>";
		};
/* End PBXGroup section */

/* Begin PBXNativeTarget section */
		1873CECE2FCCC8E9008BDE18 /* notchTelePrompt */ = {
			isa = PBXNativeTarget;
			buildConfigurationList = 1873CEF22FCCC8EA008BDE18 /* Build configuration list for PBXNativeTarget "notchTelePrompt" */;
			buildPhases = (
				1873CF012FCCC8EA008BDE18 /* Lint & Format */,
				1873CECB2FCCC8E9008BDE18 /* Sources */,
				1873CECC2FCCC8E9008BDE18 /* Frameworks */,
				1873CECD2FCCC8E9008BDE18 /* Resources */,
			);
			buildRules = (
			);
			dependencies = (
			);
			fileSystemSynchronizedGroups = (
				1873CED12FCCC8E9008BDE18 /* notchTelePrompt */,
			);
			name = notchTelePrompt;
			packageProductDependencies = (
				1873D1A22FCD7489008BDE18 /* KeyboardShortcuts */,
			);
			productName = notchTelePrompt;
			productReference = 1873CECF2FCCC8E9008BDE18 /* notchTelePrompt.app */;
			productType = "com.apple.product-type.application";
		};
		1873CEDD2FCCC8EA008BDE18 /* notchTelePromptTests */ = {
			isa = PBXNativeTarget;
			buildConfigurationList = 1873CEF52FCCC8EA008BDE18 /* Build configuration list for PBXNativeTarget "notchTelePromptTests" */;
			buildPhases = (
				1873CEDA2FCCC8EA008BDE18 /* Sources */,
				1873CEDB2FCCC8EA008BDE18 /* Frameworks */,
				1873CEDC2FCCC8EA008BDE18 /* Resources */,
			);
			buildRules = (
			);
			dependencies = (
				1873CEE02FCCC8EA008BDE18 /* PBXTargetDependency */,
			);
			fileSystemSynchronizedGroups = (
				1873CEE12FCCC8EA008BDE18 /* notchTelePromptTests */,
			);
			name = notchTelePromptTests;
			packageProductDependencies = (
			);
			productName = notchTelePromptTests;
			productReference = 1873CEDE2FCCC8EA008BDE18 /* notchTelePromptTests.xctest */;
			productType = "com.apple.product-type.bundle.unit-test";
		};
		1873CEE72FCCC8EA008BDE18 /* notchTelePromptUITests */ = {
			isa = PBXNativeTarget;
			buildConfigurationList = 1873CEF82FCCC8EA008BDE18 /* Build configuration list for PBXNativeTarget "notchTelePromptUITests" */;
			buildPhases = (
				1873CEE42FCCC8EA008BDE18 /* Sources */,
				1873CEE52FCCC8EA008BDE18 /* Frameworks */,
				1873CEE62FCCC8EA008BDE18 /* Resources */,
			);
			buildRules = (
			);
			dependencies = (
				1873CEEA2FCCC8EA008BDE18 /* PBXTargetDependency */,
			);
			fileSystemSynchronizedGroups = (
				1873CEEB2FCCC8EA008BDE18 /* notchTelePromptUITests */,
			);
			name = notchTelePromptUITests;
			packageProductDependencies = (
			);
			productName = notchTelePromptUITests;
			productReference = 1873CEE82FCCC8EA008BDE18 /* notchTelePromptUITests.xctest */;
			productType = "com.apple.product-type.bundle.ui-testing";
		};
/* End PBXNativeTarget section */

/* Begin PBXProject section */
		1873CEC72FCCC8E9008BDE18 /* Project object */ = {
			isa = PBXProject;
			attributes = {
				BuildIndependentTargetsInParallel = 1;
				LastSwiftUpdateCheck = 2650;
				LastUpgradeCheck = 2650;
				TargetAttributes = {
					1873CECE2FCCC8E9008BDE18 = {
						CreatedOnToolsVersion = 26.5;
					};
					1873CEDD2FCCC8EA008BDE18 = {
						CreatedOnToolsVersion = 26.5;
						TestTargetID = 1873CECE2FCCC8E9008BDE18;
					};
					1873CEE72FCCC8EA008BDE18 = {
						CreatedOnToolsVersion = 26.5;
						TestTargetID = 1873CECE2FCCC8E9008BDE18;
					};
				};
			};
			buildConfigurationList = 1873CECA2FCCC8E9008BDE18 /* Build configuration list for PBXProject "notchTelePrompt" */;
			developmentRegion = en;
			hasScannedForEncodings = 0;
			knownRegions = (
				en,
				Base,
			);
			mainGroup = 1873CEC62FCCC8E9008BDE18;
			minimizedProjectReferenceProxies = 1;
			packageReferences = (
				1873D1A12FCD7489008BDE18 /* XCRemoteSwiftPackageReference "KeyboardShortcuts" */,
			);
			preferredProjectObjectVersion = 77;
			productRefGroup = 1873CED02FCCC8E9008BDE18 /* Products */;
			projectDirPath = "";
			projectRoot = "";
			targets = (
				1873CECE2FCCC8E9008BDE18 /* notchTelePrompt */,
				1873CEDD2FCCC8EA008BDE18 /* notchTelePromptTests */,
				1873CEE72FCCC8EA008BDE18 /* notchTelePromptUITests */,
			);
		};
/* End PBXProject section */

/* Begin PBXResourcesBuildPhase section */
		1873CECD2FCCC8E9008BDE18 /* Resources */ = {
			isa = PBXResourcesBuildPhase;
			buildActionMask = 2147483647;
			files = (
			);
			runOnlyForDeploymentPostprocessing = 0;
		};
		1873CEDC2FCCC8EA008BDE18 /* Resources */ = {
			isa = PBXResourcesBuildPhase;
			buildActionMask = 2147483647;
			files = (
			);
			runOnlyForDeploymentPostprocessing = 0;
		};
		1873CEE62FCCC8EA008BDE18 /* Resources */ = {
			isa = PBXResourcesBuildPhase;
			buildActionMask = 2147483647;
			files = (
			);
			runOnlyForDeploymentPostprocessing = 0;
		};
/* End PBXResourcesBuildPhase section */

/* Begin PBXShellScriptBuildPhase section */
		1873CF012FCCC8EA008BDE18 /* Lint & Format */ = {
			isa = PBXShellScriptBuildPhase;
			alwaysOutOfDate = 1;
			buildActionMask = 2147483647;
			files = (
			);
			inputFileListPaths = (
			);
			inputPaths = (
			);
			name = "Lint & Format";
			outputFileListPaths = (
			);
			outputPaths = (
			);
			runOnlyForDeploymentPostprocessing = 0;
			shellPath = /bin/sh;
			shellScript = "export PATH=\"/opt/homebrew/bin:/usr/local/bin:$PATH\"\nif command -v swiftformat >/dev/null 2>&1; then\n  swiftformat \"$SRCROOT/notchTelePrompt\" --quiet\nelse\n  echo \"warning: swiftformat not found - install with: brew install swiftformat\"\nfi\nif command -v swiftlint >/dev/null 2>&1; then\n  swiftlint\nelse\n  echo \"warning: swiftlint not found - install with: brew install swiftlint\"\nfi\n";
		};
/* End PBXShellScriptBuildPhase section */

/* Begin PBXSourcesBuildPhase section */
		1873CECB2FCCC8E9008BDE18 /* Sources */ = {
			isa = PBXSourcesBuildPhase;
			buildActionMask = 2147483647;
			files = (
			);
			runOnlyForDeploymentPostprocessing = 0;
		};
		1873CEDA2FCCC8EA008BDE18 /* Sources */ = {
			isa = PBXSourcesBuildPhase;
			buildActionMask = 2147483647;
			files = (
			);
			runOnlyForDeploymentPostprocessing = 0;
		};
		1873CEE42FCCC8EA008BDE18 /* Sources */ = {
			isa = PBXSourcesBuildPhase;
			buildActionMask = 2147483647;
			files = (
			);
			runOnlyForDeploymentPostprocessing = 0;
		};
/* End PBXSourcesBuildPhase section */

/* Begin PBXTargetDependency section */
		1873CEE02FCCC8EA008BDE18 /* PBXTargetDependency */ = {
			isa = PBXTargetDependency;
			target = 1873CECE2FCCC8E9008BDE18 /* notchTelePrompt */;
			targetProxy = 1873CEDF2FCCC8EA008BDE18 /* PBXContainerItemProxy */;
		};
		1873CEEA2FCCC8EA008BDE18 /* PBXTargetDependency */ = {
			isa = PBXTargetDependency;
			target = 1873CECE2FCCC8E9008BDE18 /* notchTelePrompt */;
			targetProxy = 1873CEE92FCCC8EA008BDE18 /* PBXContainerItemProxy */;
		};
/* End PBXTargetDependency section */

/* Begin XCBuildConfiguration section */
		1873CEF02FCCC8EA008BDE18 /* Debug */ = {
			isa = XCBuildConfiguration;
			buildSettings = {
				ALWAYS_SEARCH_USER_PATHS = NO;
				ASSETCATALOG_COMPILER_GENERATE_SWIFT_ASSET_SYMBOL_EXTENSIONS = YES;
				CLANG_ANALYZER_NONNULL = YES;
				CLANG_ANALYZER_NUMBER_OBJECT_CONVERSION = YES_AGGRESSIVE;
				CLANG_CXX_LANGUAGE_STANDARD = "gnu++20";
				CLANG_ENABLE_MODULES = YES;
				CLANG_ENABLE_OBJC_ARC = YES;
				CLANG_ENABLE_OBJC_WEAK = YES;
				CLANG_WARN_BLOCK_CAPTURE_AUTORELEASING = YES;
				CLANG_WARN_BOOL_CONVERSION = YES;
				CLANG_WARN_COMMA = YES;
				CLANG_WARN_CONSTANT_CONVERSION = YES;
				CLANG_WARN_DEPRECATED_OBJC_IMPLEMENTATIONS = YES;
				CLANG_WARN_DIRECT_OBJC_ISA_USAGE = YES_ERROR;
				CLANG_WARN_DOCUMENTATION_COMMENTS = YES;
				CLANG_WARN_EMPTY_BODY = YES;
				CLANG_WARN_ENUM_CONVERSION = YES;
				CLANG_WARN_INFINITE_RECURSION = YES;
				CLANG_WARN_INT_CONVERSION = YES;
				CLANG_WARN_NON_LITERAL_NULL_CONVERSION = YES;
				CLANG_WARN_OBJC_IMPLICIT_RETAIN_SELF = YES;
				CLANG_WARN_OBJC_LITERAL_CONVERSION = YES;
				CLANG_WARN_OBJC_ROOT_CLASS = YES_ERROR;
				CLANG_WARN_QUOTED_INCLUDE_IN_FRAMEWORK_HEADER = YES;
				CLANG_WARN_RANGE_LOOP_ANALYSIS = YES;
				CLANG_WARN_STRICT_PROTOTYPES = YES;
				CLANG_WARN_SUSPICIOUS_MOVE = YES;
				CLANG_WARN_UNGUARDED_AVAILABILITY = YES_AGGRESSIVE;
				CLANG_WARN_UNREACHABLE_CODE = YES;
				CLANG_WARN__DUPLICATE_METHOD_MATCH = YES;
				COPY_PHASE_STRIP = NO;
				DEBUG_INFORMATION_FORMAT = dwarf;
				DEVELOPMENT_TEAM = L6SV6573B9;
				ENABLE_STRICT_OBJC_MSGSEND = YES;
				ENABLE_TESTABILITY = YES;
				ENABLE_USER_SCRIPT_SANDBOXING = NO;
				GCC_C_LANGUAGE_STANDARD = gnu17;
				GCC_DYNAMIC_NO_PIC = NO;
				GCC_NO_COMMON_BLOCKS = YES;
				GCC_OPTIMIZATION_LEVEL = 0;
				GCC_PREPROCESSOR_DEFINITIONS = (
					"DEBUG=1",
					"$(inherited)",
				);
				GCC_WARN_64_TO_32_BIT_CONVERSION = YES;
				GCC_WARN_ABOUT_RETURN_TYPE = YES_ERROR;
				GCC_WARN_UNDECLARED_SELECTOR = YES;
				GCC_WARN_UNINITIALIZED_AUTOS = YES_AGGRESSIVE;
				GCC_WARN_UNUSED_FUNCTION = YES;
				GCC_WARN_UNUSED_VARIABLE = YES;
				LOCALIZATION_PREFERS_STRING_CATALOGS = YES;
				MACOSX_DEPLOYMENT_TARGET = 14.0;
				MTL_ENABLE_DEBUG_INFO = INCLUDE_SOURCE;
				MTL_FAST_MATH = YES;
				ONLY_ACTIVE_ARCH = YES;
				SDKROOT = macosx;
				SWIFT_ACTIVE_COMPILATION_CONDITIONS = "DEBUG $(inherited)";
				SWIFT_OPTIMIZATION_LEVEL = "-Onone";
			};
			name = Debug;
		};
		1873CEF12FCCC8EA008BDE18 /* Release */ = {
			isa = XCBuildConfiguration;
			buildSettings = {
				ALWAYS_SEARCH_USER_PATHS = NO;
				ASSETCATALOG_COMPILER_GENERATE_SWIFT_ASSET_SYMBOL_EXTENSIONS = YES;
				CLANG_ANALYZER_NONNULL = YES;
				CLANG_ANALYZER_NUMBER_OBJECT_CONVERSION = YES_AGGRESSIVE;
				CLANG_CXX_LANGUAGE_STANDARD = "gnu++20";
				CLANG_ENABLE_MODULES = YES;
				CLANG_ENABLE_OBJC_ARC = YES;
				CLANG_ENABLE_OBJC_WEAK = YES;
				CLANG_WARN_BLOCK_CAPTURE_AUTORELEASING = YES;
				CLANG_WARN_BOOL_CONVERSION = YES;
				CLANG_WARN_COMMA = YES;
				CLANG_WARN_CONSTANT_CONVERSION = YES;
				CLANG_WARN_DEPRECATED_OBJC_IMPLEMENTATIONS = YES;
				CLANG_WARN_DIRECT_OBJC_ISA_USAGE = YES_ERROR;
				CLANG_WARN_DOCUMENTATION_COMMENTS = YES;
				CLANG_WARN_EMPTY_BODY = YES;
				CLANG_WARN_ENUM_CONVERSION = YES;
				CLANG_WARN_INFINITE_RECURSION = YES;
				CLANG_WARN_INT_CONVERSION = YES;
				CLANG_WARN_NON_LITERAL_NULL_CONVERSION = YES;
				CLANG_WARN_OBJC_IMPLICIT_RETAIN_SELF = YES;
				CLANG_WARN_OBJC_LITERAL_CONVERSION = YES;
				CLANG_WARN_OBJC_ROOT_CLASS = YES_ERROR;
				CLANG_WARN_QUOTED_INCLUDE_IN_FRAMEWORK_HEADER = YES;
				CLANG_WARN_RANGE_LOOP_ANALYSIS = YES;
				CLANG_WARN_STRICT_PROTOTYPES = YES;
				CLANG_WARN_SUSPICIOUS_MOVE = YES;
				CLANG_WARN_UNGUARDED_AVAILABILITY = YES_AGGRESSIVE;
				CLANG_WARN_UNREACHABLE_CODE = YES;
				CLANG_WARN__DUPLICATE_METHOD_MATCH = YES;
				COPY_PHASE_STRIP = NO;
				DEBUG_INFORMATION_FORMAT = "dwarf-with-dsym";
				DEVELOPMENT_TEAM = L6SV6573B9;
				ENABLE_NS_ASSERTIONS = NO;
				ENABLE_STRICT_OBJC_MSGSEND = YES;
				ENABLE_USER_SCRIPT_SANDBOXING = NO;
				GCC_C_LANGUAGE_STANDARD = gnu17;
				GCC_NO_COMMON_BLOCKS = YES;
				GCC_WARN_64_TO_32_BIT_CONVERSION = YES;
				GCC_WARN_ABOUT_RETURN_TYPE = YES_ERROR;
				GCC_WARN_UNDECLARED_SELECTOR = YES;
				GCC_WARN_UNINITIALIZED_AUTOS = YES_AGGRESSIVE;
				GCC_WARN_UNUSED_FUNCTION = YES;
				GCC_WARN_UNUSED_VARIABLE = YES;
				LOCALIZATION_PREFERS_STRING_CATALOGS = YES;
				MACOSX_DEPLOYMENT_TARGET = 14.0;
				MTL_ENABLE_DEBUG_INFO = NO;
				MTL_FAST_MATH = YES;
				SDKROOT = macosx;
				SWIFT_COMPILATION_MODE = wholemodule;
			};
			name = Release;
		};
		1873CEF32FCCC8EA008BDE18 /* Debug */ = {
			isa = XCBuildConfiguration;
			buildSettings = {
				ASSETCATALOG_COMPILER_APPICON_NAME = AppIcon;
				ASSETCATALOG_COMPILER_GLOBAL_ACCENT_COLOR_NAME = AccentColor;
				CODE_SIGN_ENTITLEMENTS = notchTelePrompt/notchTelePrompt.entitlements;
				CODE_SIGN_STYLE = Automatic;
				COMBINE_HIDPI_IMAGES = YES;
				CURRENT_PROJECT_VERSION = 1;
				DEVELOPMENT_TEAM = L6SV6573B9;
				ENABLE_APP_SANDBOX = YES;
				ENABLE_HARDENED_RUNTIME = YES;
				ENABLE_PREVIEWS = YES;
				ENABLE_USER_SELECTED_FILES = readwrite;
				GENERATE_INFOPLIST_FILE = YES;
				INFOPLIST_KEY_LSUIElement = YES;
				INFOPLIST_KEY_NSHumanReadableCopyright = "";
				INFOPLIST_KEY_NSMicrophoneUsageDescription = "NotchPrompter uses the microphone only to follow your voice and scroll the prompter while you speak. Audio is processed on your Mac and never recorded, saved, or sent anywhere. This is requested only when you turn on voice-follow.";
				LD_RUNPATH_SEARCH_PATHS = (
					"$(inherited)",
					"@executable_path/../Frameworks",
				);
				MARKETING_VERSION = 1.0;
				PRODUCT_BUNDLE_IDENTIFIER = com.mrmaier.notchTelePrompt;
				PRODUCT_NAME = "$(TARGET_NAME)";
				REGISTER_APP_GROUPS = YES;
				STRING_CATALOG_GENERATE_SYMBOLS = YES;
				SWIFT_APPROACHABLE_CONCURRENCY = YES;
				SWIFT_DEFAULT_ACTOR_ISOLATION = MainActor;
				SWIFT_EMIT_LOC_STRINGS = YES;
				SWIFT_UPCOMING_FEATURE_MEMBER_IMPORT_VISIBILITY = YES;
				SWIFT_VERSION = 6.0;
			};
			name = Debug;
		};
		1873CEF42FCCC8EA008BDE18 /* Release */ = {
			isa = XCBuildConfiguration;
			buildSettings = {
				ASSETCATALOG_COMPILER_APPICON_NAME = AppIcon;
				ASSETCATALOG_COMPILER_GLOBAL_ACCENT_COLOR_NAME = AccentColor;
				CODE_SIGN_ENTITLEMENTS = notchTelePrompt/notchTelePrompt.entitlements;
				CODE_SIGN_STYLE = Automatic;
				COMBINE_HIDPI_IMAGES = YES;
				CURRENT_PROJECT_VERSION = 1;
				DEVELOPMENT_TEAM = L6SV6573B9;
				ENABLE_APP_SANDBOX = YES;
				ENABLE_HARDENED_RUNTIME = YES;
				ENABLE_PREVIEWS = YES;
				ENABLE_USER_SELECTED_FILES = readwrite;
				GENERATE_INFOPLIST_FILE = YES;
				INFOPLIST_KEY_LSUIElement = YES;
				INFOPLIST_KEY_NSHumanReadableCopyright = "";
				INFOPLIST_KEY_NSMicrophoneUsageDescription = "NotchPrompter uses the microphone only to follow your voice and scroll the prompter while you speak. Audio is processed on your Mac and never recorded, saved, or sent anywhere. This is requested only when you turn on voice-follow.";
				LD_RUNPATH_SEARCH_PATHS = (
					"$(inherited)",
					"@executable_path/../Frameworks",
				);
				MARKETING_VERSION = 1.0;
				PRODUCT_BUNDLE_IDENTIFIER = com.mrmaier.notchTelePrompt;
				PRODUCT_NAME = "$(TARGET_NAME)";
				REGISTER_APP_GROUPS = YES;
				STRING_CATALOG_GENERATE_SYMBOLS = YES;
				SWIFT_APPROACHABLE_CONCURRENCY = YES;
				SWIFT_DEFAULT_ACTOR_ISOLATION = MainActor;
				SWIFT_EMIT_LOC_STRINGS = YES;
				SWIFT_UPCOMING_FEATURE_MEMBER_IMPORT_VISIBILITY = YES;
				SWIFT_VERSION = 6.0;
			};
			name = Release;
		};
		1873CEF62FCCC8EA008BDE18 /* Debug */ = {
			isa = XCBuildConfiguration;
			buildSettings = {
				BUNDLE_LOADER = "$(TEST_HOST)";
				CODE_SIGN_STYLE = Automatic;
				CURRENT_PROJECT_VERSION = 1;
				DEVELOPMENT_TEAM = L6SV6573B9;
				GENERATE_INFOPLIST_FILE = YES;
				MACOSX_DEPLOYMENT_TARGET = 14.0;
				MARKETING_VERSION = 1.0;
				PRODUCT_BUNDLE_IDENTIFIER = com.mrmaier.notchTelePrompt.Tests;
				PRODUCT_NAME = "$(TARGET_NAME)";
				STRING_CATALOG_GENERATE_SYMBOLS = NO;
				SWIFT_APPROACHABLE_CONCURRENCY = YES;
				SWIFT_EMIT_LOC_STRINGS = NO;
				SWIFT_UPCOMING_FEATURE_MEMBER_IMPORT_VISIBILITY = YES;
				SWIFT_VERSION = 6.0;
				TEST_HOST = "$(BUILT_PRODUCTS_DIR)/notchTelePrompt.app/$(BUNDLE_EXECUTABLE_FOLDER_PATH)/notchTelePrompt";
			};
			name = Debug;
		};
		1873CEF72FCCC8EA008BDE18 /* Release */ = {
			isa = XCBuildConfiguration;
			buildSettings = {
				BUNDLE_LOADER = "$(TEST_HOST)";
				CODE_SIGN_STYLE = Automatic;
				CURRENT_PROJECT_VERSION = 1;
				DEVELOPMENT_TEAM = L6SV6573B9;
				GENERATE_INFOPLIST_FILE = YES;
				MACOSX_DEPLOYMENT_TARGET = 14.0;
				MARKETING_VERSION = 1.0;
				PRODUCT_BUNDLE_IDENTIFIER = com.mrmaier.notchTelePrompt.Tests;
				PRODUCT_NAME = "$(TARGET_NAME)";
				STRING_CATALOG_GENERATE_SYMBOLS = NO;
				SWIFT_APPROACHABLE_CONCURRENCY = YES;
				SWIFT_EMIT_LOC_STRINGS = NO;
				SWIFT_UPCOMING_FEATURE_MEMBER_IMPORT_VISIBILITY = YES;
				SWIFT_VERSION = 6.0;
				TEST_HOST = "$(BUILT_PRODUCTS_DIR)/notchTelePrompt.app/$(BUNDLE_EXECUTABLE_FOLDER_PATH)/notchTelePrompt";
			};
			name = Release;
		};
		1873CEF92FCCC8EA008BDE18 /* Debug */ = {
			isa = XCBuildConfiguration;
			buildSettings = {
				CODE_SIGN_STYLE = Automatic;
				CURRENT_PROJECT_VERSION = 1;
				DEVELOPMENT_TEAM = L6SV6573B9;
				GENERATE_INFOPLIST_FILE = YES;
				MARKETING_VERSION = 1.0;
				PRODUCT_BUNDLE_IDENTIFIER = com.mrmaier.notchTelePrompt.UITests;
				PRODUCT_NAME = "$(TARGET_NAME)";
				STRING_CATALOG_GENERATE_SYMBOLS = NO;
				SWIFT_APPROACHABLE_CONCURRENCY = YES;
				SWIFT_EMIT_LOC_STRINGS = NO;
				SWIFT_UPCOMING_FEATURE_MEMBER_IMPORT_VISIBILITY = YES;
				SWIFT_VERSION = 6.0;
				TEST_TARGET_NAME = notchTelePrompt;
			};
			name = Debug;
		};
		1873CEFA2FCCC8EA008BDE18 /* Release */ = {
			isa = XCBuildConfiguration;
			buildSettings = {
				CODE_SIGN_STYLE = Automatic;
				CURRENT_PROJECT_VERSION = 1;
				DEVELOPMENT_TEAM = L6SV6573B9;
				GENERATE_INFOPLIST_FILE = YES;
				MARKETING_VERSION = 1.0;
				PRODUCT_BUNDLE_IDENTIFIER = com.mrmaier.notchTelePrompt.UITests;
				PRODUCT_NAME = "$(TARGET_NAME)";
				STRING_CATALOG_GENERATE_SYMBOLS = NO;
				SWIFT_APPROACHABLE_CONCURRENCY = YES;
				SWIFT_EMIT_LOC_STRINGS = NO;
				SWIFT_UPCOMING_FEATURE_MEMBER_IMPORT_VISIBILITY = YES;
				SWIFT_VERSION = 6.0;
				TEST_TARGET_NAME = notchTelePrompt;
			};
			name = Release;
		};
/* End XCBuildConfiguration section */

/* Begin XCConfigurationList section */
		1873CECA2FCCC8E9008BDE18 /* Build configuration list for PBXProject "notchTelePrompt" */ = {
			isa = XCConfigurationList;
			buildConfigurations = (
				1873CEF02FCCC8EA008BDE18 /* Debug */,
				1873CEF12FCCC8EA008BDE18 /* Release */,
			);
			defaultConfigurationIsVisible = 0;
			defaultConfigurationName = Release;
		};
		1873CEF22FCCC8EA008BDE18 /* Build configuration list for PBXNativeTarget "notchTelePrompt" */ = {
			isa = XCConfigurationList;
			buildConfigurations = (
				1873CEF32FCCC8EA008BDE18 /* Debug */,
				1873CEF42FCCC8EA008BDE18 /* Release */,
			);
			defaultConfigurationIsVisible = 0;
			defaultConfigurationName = Release;
		};
		1873CEF52FCCC8EA008BDE18 /* Build configuration list for PBXNativeTarget "notchTelePromptTests" */ = {
			isa = XCConfigurationList;
			buildConfigurations = (
				1873CEF62FCCC8EA008BDE18 /* Debug */,
				1873CEF72FCCC8EA008BDE18 /* Release */,
			);
			defaultConfigurationIsVisible = 0;
			defaultConfigurationName = Release;
		};
		1873CEF82FCCC8EA008BDE18 /* Build configuration list for PBXNativeTarget "notchTelePromptUITests" */ = {
			isa = XCConfigurationList;
			buildConfigurations = (
				1873CEF92FCCC8EA008BDE18 /* Debug */,
				1873CEFA2FCCC8EA008BDE18 /* Release */,
			);
			defaultConfigurationIsVisible = 0;
			defaultConfigurationName = Release;
		};
/* End XCConfigurationList section */

/* Begin XCRemoteSwiftPackageReference section */
		1873D1A12FCD7489008BDE18 /* XCRemoteSwiftPackageReference "KeyboardShortcuts" */ = {
			isa = XCRemoteSwiftPackageReference;
			repositoryURL = "https://github.com/sindresorhus/KeyboardShortcuts";
			requirement = {
				kind = upToNextMajorVersion;
				minimumVersion = 2.4.0;
			};
		};
/* End XCRemoteSwiftPackageReference section */

/* Begin XCSwiftPackageProductDependency section */
		1873D1A22FCD7489008BDE18 /* KeyboardShortcuts */ = {
			isa = XCSwiftPackageProductDependency;
			package = 1873D1A12FCD7489008BDE18 /* XCRemoteSwiftPackageReference "KeyboardShortcuts" */;
			productName = KeyboardShortcuts;
		};
/* End XCSwiftPackageProductDependency section */
	};
	rootObject = 1873CEC72FCCC8E9008BDE18 /* Project object */;
}
